
Microsoft Visual Studio Solution File, Format Version 12.00
# Visual Studio Version 17
VisualStudioVersion = 17.14.36202.13 d17.14
MinimumVisualStudioVersion = 10.0.40219.1
Project("{FAE04EC0-301F-11D3-BF4B-00C04F79EFBC}") = "Lego", "Lego\Lego.csproj", "{398C7513-F7FD-4FE3-B581-595CA5BCADCD}"
EndProject
Global
	GlobalSection(SolutionConfigurationPlatforms) = preSolution
		Debug|Any CPU = Debug|Any CPU
		Release|Any CPU = Release|Any CPU
	EndGlobalSection
	GlobalSection(ProjectConfigurationPlatforms) = postSolution
		{398C7513-F7FD-4FE3-B581-595CA5BCADCD}.Debug|Any CPU.ActiveCfg = Debug|Any CPU
		{398C7513-F7FD-4FE3-B581-595CA5BCADCD}.Debug|Any CPU.Build.0 = Debug|Any CPU
		{398C7513-F7FD-4FE3-B581-595CA5BCADCD}.Release|Any CPU.ActiveCfg = Release|Any CPU
		{398C7513-F7FD-4FE3-B581-595CA5BCADCD}.Release|Any CPU.Build.0 = Release|Any CPU
	EndGlobalSection
	GlobalSection(SolutionProperties) = preSolution
		HideSolutionNode = FALSE
	EndGlobalSection
	GlobalSection(ExtensibilityGlobals) = postSolution
		SolutionGuid = {7B5F7CF2-8873-4B6A-8CF0-9531C083A938}
	EndGlobalSection
EndGlobal
